{
    "version": 3,
    "terraform_version": "0.11.3",
    "serial": 44,
    "lineage": "8becad6b-6f58-4925-b219-9aac98d68750",
    "modules": [
        {
            "path": [
                "root"
            ],
            "outputs": {},
            "resources": {
                "data.vsphere_datacenter.dc": {
                    "type": "vsphere_datacenter",
                    "depends_on": [],
                    "primary": {
                        "id": "datacenter-2",
                        "attributes": {
                            "id": "datacenter-2",
                            "name": "cdcug-toronto-dc1"
                        },
                        "meta": {},
                        "tainted": false
                    },
                    "deposed": [],
                    "provider": "provider.vsphere"
                },
                "data.vsphere_datastore.datastore": {
                    "type": "vsphere_datastore",
                    "depends_on": [
                        "data.vsphere_datacenter.dc"
                    ],
                    "primary": {
                        "id": "datastore-68",
                        "attributes": {
                            "datacenter_id": "datacenter-2",
                            "id": "datastore-68",
                            "name": "CDCUG_VMware_OCP_LAB"
                        },
                        "meta": {},
                        "tainted": false
                    },
                    "deposed": [],
                    "provider": "provider.vsphere"
                },
                "data.vsphere_network.primary_network": {
                    "type": "vsphere_network",
                    "depends_on": [
                        "data.vsphere_datacenter.dc"
                    ],
                    "primary": {
                        "id": "network-12",
                        "attributes": {
                            "datacenter_id": "datacenter-2",
                            "id": "network-12",
                            "name": "VM Network",
                            "type": "Network"
                        },
                        "meta": {},
                        "tainted": false
                    },
                    "deposed": [],
                    "provider": "provider.vsphere"
                },
                "data.vsphere_network.provision_network": {
                    "type": "vsphere_network",
                    "depends_on": [
                        "data.vsphere_datacenter.dc"
                    ],
                    "primary": {
                        "id": "network-12",
                        "attributes": {
                            "datacenter_id": "datacenter-2",
                            "id": "network-12",
                            "name": "VM Network",
                            "type": "Network"
                        },
                        "meta": {},
                        "tainted": false
                    },
                    "deposed": [],
                    "provider": "provider.vsphere"
                },
                "data.vsphere_resource_pool.pool": {
                    "type": "vsphere_resource_pool",
                    "depends_on": [
                        "data.vsphere_datacenter.dc"
                    ],
                    "primary": {
                        "id": "resgroup-227",
                        "attributes": {
                            "datacenter_id": "datacenter-2",
                            "id": "resgroup-227",
                            "name": "resource_pool1"
                        },
                        "meta": {},
                        "tainted": false
                    },
                    "deposed": [],
                    "provider": "provider.vsphere"
                },
                "null_resource.masters.0": {
                    "type": "null_resource",
                    "depends_on": [
                        "vsphere_virtual_machine.masters.*"
                    ],
                    "primary": {
                        "id": "7400978364696040349",
                        "attributes": {
                            "id": "7400978364696040349",
                            "triggers.%": "1",
                            "triggers.vm_ids": "4234c596-a273-a143-3cda-c2b916942c98"
                        },
                        "meta": {},
                        "tainted": false
                    },
                    "deposed": [],
                    "provider": "provider.null"
                },
                "null_resource.masters.1": {
                    "type": "null_resource",
                    "depends_on": [
                        "vsphere_virtual_machine.masters.*"
                    ],
                    "primary": {
                        "id": "1961785454570210093",
                        "attributes": {
                            "id": "1961785454570210093",
                            "triggers.%": "1",
                            "triggers.vm_ids": "423476c0-2fc6-4352-852d-613c3aeea1f5"
                        },
                        "meta": {},
                        "tainted": false
                    },
                    "deposed": [],
                    "provider": "provider.null"
                },
                "vsphere_virtual_machine.masters.0": {
                    "type": "vsphere_virtual_machine",
                    "depends_on": [
                        "data.vsphere_datastore.datastore",
                        "data.vsphere_network.primary_network",
                        "data.vsphere_network.provision_network",
                        "data.vsphere_resource_pool.pool"
                    ],
                    "primary": {
                        "id": "4234c596-a273-a143-3cda-c2b916942c98",
                        "attributes": {
                            "alternate_guest_name": "",
                            "annotation": "",
                            "boot_delay": "15000",
                            "boot_retry_delay": "10000",
                            "boot_retry_enabled": "false",
                            "cdrom.#": "0",
                            "change_version": "2018-03-01T19:16:42.546817Z",
                            "cpu_hot_add_enabled": "false",
                            "cpu_hot_remove_enabled": "false",
                            "cpu_limit": "-1",
                            "cpu_performance_counters_enabled": "false",
                            "cpu_reservation": "0",
                            "cpu_share_count": "2000",
                            "cpu_share_level": "normal",
                            "custom_attributes.%": "0",
                            "datastore_id": "datastore-68",
                            "disk.#": "2",
                            "disk.0.attach": "false",
                            "disk.0.datastore_id": "datastore-68",
                            "disk.0.device_address": "scsi:0:0",
                            "disk.0.disk_mode": "persistent",
                            "disk.0.disk_sharing": "sharingNone",
                            "disk.0.eagerly_scrub": "false",
                            "disk.0.io_limit": "-1",
                            "disk.0.io_reservation": "0",
                            "disk.0.io_share_count": "1000",
                            "disk.0.io_share_level": "normal",
                            "disk.0.keep_on_remove": "false",
                            "disk.0.key": "2000",
                            "disk.0.label": "disk0",
                            "disk.0.name": "",
                            "disk.0.path": "master-01/master-01.vmdk",
                            "disk.0.size": "20",
                            "disk.0.thin_provisioned": "true",
                            "disk.0.unit_number": "0",
                            "disk.0.uuid": "6000C294-9d77-6afa-76b1-e89d5d57a6df",
                            "disk.0.write_through": "false",
                            "disk.1.attach": "false",
                            "disk.1.datastore_id": "datastore-68",
                            "disk.1.device_address": "scsi:0:1",
                            "disk.1.disk_mode": "persistent",
                            "disk.1.disk_sharing": "sharingNone",
                            "disk.1.eagerly_scrub": "false",
                            "disk.1.io_limit": "-1",
                            "disk.1.io_reservation": "0",
                            "disk.1.io_share_count": "1000",
                            "disk.1.io_share_level": "normal",
                            "disk.1.keep_on_remove": "false",
                            "disk.1.key": "2001",
                            "disk.1.label": "disk1",
                            "disk.1.name": "",
                            "disk.1.path": "master-01/master-01_1.vmdk",
                            "disk.1.size": "20",
                            "disk.1.thin_provisioned": "true",
                            "disk.1.unit_number": "1",
                            "disk.1.uuid": "6000C295-46f8-29c4-dba3-feba6d91624e",
                            "disk.1.write_through": "false",
                            "efi_secure_boot_enabled": "false",
                            "enable_disk_uuid": "false",
                            "enable_logging": "false",
                            "ept_rvi_mode": "automatic",
                            "extra_config.%": "0",
                            "firmware": "bios",
                            "folder": "",
                            "force_power_off": "true",
                            "guest_id": "rhel7_64Guest",
                            "guest_ip_addresses.#": "0",
                            "host_system_id": "host-9",
                            "hv_mode": "hvAuto",
                            "id": "4234c596-a273-a143-3cda-c2b916942c98",
                            "memory": "4096",
                            "memory_hot_add_enabled": "false",
                            "memory_limit": "-1",
                            "memory_reservation": "0",
                            "memory_share_count": "40960",
                            "memory_share_level": "normal",
                            "migrate_wait_timeout": "30",
                            "name": "master-01",
                            "nested_hv_enabled": "false",
                            "network_interface.#": "2",
                            "network_interface.0.adapter_type": "vmxnet3",
                            "network_interface.0.bandwidth_limit": "-1",
                            "network_interface.0.bandwidth_reservation": "0",
                            "network_interface.0.bandwidth_share_count": "50",
                            "network_interface.0.bandwidth_share_level": "normal",
                            "network_interface.0.device_address": "pci:0:7",
                            "network_interface.0.key": "4000",
                            "network_interface.0.mac_address": "00:50:56:b4:fa:73",
                            "network_interface.0.network_id": "network-12",
                            "network_interface.0.use_static_mac": "false",
                            "network_interface.1.adapter_type": "vmxnet3",
                            "network_interface.1.bandwidth_limit": "-1",
                            "network_interface.1.bandwidth_reservation": "0",
                            "network_interface.1.bandwidth_share_count": "50",
                            "network_interface.1.bandwidth_share_level": "normal",
                            "network_interface.1.device_address": "pci:0:8",
                            "network_interface.1.key": "4001",
                            "network_interface.1.mac_address": "00:50:56:b4:a6:60",
                            "network_interface.1.network_id": "network-12",
                            "network_interface.1.use_static_mac": "false",
                            "num_cores_per_socket": "1",
                            "num_cpus": "2",
                            "reboot_required": "false",
                            "resource_pool_id": "resgroup-227",
                            "run_tools_scripts_after_power_on": "true",
                            "run_tools_scripts_after_resume": "true",
                            "run_tools_scripts_before_guest_reboot": "false",
                            "run_tools_scripts_before_guest_shutdown": "true",
                            "run_tools_scripts_before_guest_standby": "true",
                            "scsi_controller_count": "1",
                            "scsi_type": "pvscsi",
                            "shutdown_wait_timeout": "3",
                            "swap_placement_policy": "inherit",
                            "sync_time_with_host": "false",
                            "tags.#": "0",
                            "uuid": "4234c596-a273-a143-3cda-c2b916942c98",
                            "vmware_tools_status": "guestToolsNotRunning",
                            "vmx_path": "master-01/master-01.vmx",
                            "wait_for_guest_net_timeout": "0"
                        },
                        "meta": {
                            "schema_version": "3"
                        },
                        "tainted": false
                    },
                    "deposed": [],
                    "provider": "provider.vsphere"
                },
                "vsphere_virtual_machine.masters.1": {
                    "type": "vsphere_virtual_machine",
                    "depends_on": [
                        "data.vsphere_datastore.datastore",
                        "data.vsphere_network.primary_network",
                        "data.vsphere_network.provision_network",
                        "data.vsphere_resource_pool.pool"
                    ],
                    "primary": {
                        "id": "423476c0-2fc6-4352-852d-613c3aeea1f5",
                        "attributes": {
                            "alternate_guest_name": "",
                            "annotation": "",
                            "boot_delay": "15000",
                            "boot_retry_delay": "10000",
                            "boot_retry_enabled": "false",
                            "cdrom.#": "0",
                            "change_version": "2018-03-01T19:16:42.510065Z",
                            "cpu_hot_add_enabled": "false",
                            "cpu_hot_remove_enabled": "false",
                            "cpu_limit": "-1",
                            "cpu_performance_counters_enabled": "false",
                            "cpu_reservation": "0",
                            "cpu_share_count": "2000",
                            "cpu_share_level": "normal",
                            "custom_attributes.%": "0",
                            "datastore_id": "datastore-68",
                            "disk.#": "2",
                            "disk.0.attach": "false",
                            "disk.0.datastore_id": "datastore-68",
                            "disk.0.device_address": "scsi:0:0",
                            "disk.0.disk_mode": "persistent",
                            "disk.0.disk_sharing": "sharingNone",
                            "disk.0.eagerly_scrub": "false",
                            "disk.0.io_limit": "-1",
                            "disk.0.io_reservation": "0",
                            "disk.0.io_share_count": "1000",
                            "disk.0.io_share_level": "normal",
                            "disk.0.keep_on_remove": "false",
                            "disk.0.key": "2000",
                            "disk.0.label": "disk0",
                            "disk.0.name": "",
                            "disk.0.path": "master-02/master-02.vmdk",
                            "disk.0.size": "20",
                            "disk.0.thin_provisioned": "true",
                            "disk.0.unit_number": "0",
                            "disk.0.uuid": "6000C29e-0e77-6f13-402a-958b8a9536c0",
                            "disk.0.write_through": "false",
                            "disk.1.attach": "false",
                            "disk.1.datastore_id": "datastore-68",
                            "disk.1.device_address": "scsi:0:1",
                            "disk.1.disk_mode": "persistent",
                            "disk.1.disk_sharing": "sharingNone",
                            "disk.1.eagerly_scrub": "false",
                            "disk.1.io_limit": "-1",
                            "disk.1.io_reservation": "0",
                            "disk.1.io_share_count": "1000",
                            "disk.1.io_share_level": "normal",
                            "disk.1.keep_on_remove": "false",
                            "disk.1.key": "2001",
                            "disk.1.label": "disk1",
                            "disk.1.name": "",
                            "disk.1.path": "master-02/master-02_1.vmdk",
                            "disk.1.size": "20",
                            "disk.1.thin_provisioned": "true",
                            "disk.1.unit_number": "1",
                            "disk.1.uuid": "6000C29c-780b-44c0-49ae-1f5ecec9999e",
                            "disk.1.write_through": "false",
                            "efi_secure_boot_enabled": "false",
                            "enable_disk_uuid": "false",
                            "enable_logging": "false",
                            "ept_rvi_mode": "automatic",
                            "extra_config.%": "0",
                            "firmware": "bios",
                            "folder": "",
                            "force_power_off": "true",
                            "guest_id": "rhel7_64Guest",
                            "guest_ip_addresses.#": "0",
                            "host_system_id": "host-9",
                            "hv_mode": "hvAuto",
                            "id": "423476c0-2fc6-4352-852d-613c3aeea1f5",
                            "memory": "4096",
                            "memory_hot_add_enabled": "false",
                            "memory_limit": "-1",
                            "memory_reservation": "0",
                            "memory_share_count": "40960",
                            "memory_share_level": "normal",
                            "migrate_wait_timeout": "30",
                            "name": "master-02",
                            "nested_hv_enabled": "false",
                            "network_interface.#": "2",
                            "network_interface.0.adapter_type": "vmxnet3",
                            "network_interface.0.bandwidth_limit": "-1",
                            "network_interface.0.bandwidth_reservation": "0",
                            "network_interface.0.bandwidth_share_count": "50",
                            "network_interface.0.bandwidth_share_level": "normal",
                            "network_interface.0.device_address": "pci:0:7",
                            "network_interface.0.key": "4000",
                            "network_interface.0.mac_address": "00:50:56:b4:ad:1d",
                            "network_interface.0.network_id": "network-12",
                            "network_interface.0.use_static_mac": "false",
                            "network_interface.1.adapter_type": "vmxnet3",
                            "network_interface.1.bandwidth_limit": "-1",
                            "network_interface.1.bandwidth_reservation": "0",
                            "network_interface.1.bandwidth_share_count": "50",
                            "network_interface.1.bandwidth_share_level": "normal",
                            "network_interface.1.device_address": "pci:0:8",
                            "network_interface.1.key": "4001",
                            "network_interface.1.mac_address": "00:50:56:b4:80:dc",
                            "network_interface.1.network_id": "network-12",
                            "network_interface.1.use_static_mac": "false",
                            "num_cores_per_socket": "1",
                            "num_cpus": "2",
                            "reboot_required": "false",
                            "resource_pool_id": "resgroup-227",
                            "run_tools_scripts_after_power_on": "true",
                            "run_tools_scripts_after_resume": "true",
                            "run_tools_scripts_before_guest_reboot": "false",
                            "run_tools_scripts_before_guest_shutdown": "true",
                            "run_tools_scripts_before_guest_standby": "true",
                            "scsi_controller_count": "1",
                            "scsi_type": "pvscsi",
                            "shutdown_wait_timeout": "3",
                            "swap_placement_policy": "inherit",
                            "sync_time_with_host": "false",
                            "tags.#": "0",
                            "uuid": "423476c0-2fc6-4352-852d-613c3aeea1f5",
                            "vmware_tools_status": "guestToolsNotRunning",
                            "vmx_path": "master-02/master-02.vmx",
                            "wait_for_guest_net_timeout": "0"
                        },
                        "meta": {
                            "schema_version": "3"
                        },
                        "tainted": false
                    },
                    "deposed": [],
                    "provider": "provider.vsphere"
                }
            },
            "depends_on": []
        }
    ]
}
